
Microsoft Visual Studio Solution File, Format Version 12.00
# Visual Studio Version 16
VisualStudioVersion = 16.0.32106.194
MinimumVisualStudioVersion = 10.0.40219.1
Project("{FAE04EC0-301F-11D3-BF4B-00C04F79EFBC}") = "Console_Tetris", "Console_Tetris\Console_Tetris.csproj", "{ACDD27D0-5DAA-4978-A5D1-0427BD212C5B}"
EndProject
Global
	GlobalSection(SolutionConfigurationPlatforms) = preSolution
		Debug|Any CPU = Debug|Any CPU
		Release|Any CPU = Release|Any CPU
	EndGlobalSection
	GlobalSection(ProjectConfigurationPlatforms) = postSolution
		{ACDD27D0-5DAA-4978-A5D1-0427BD212C5B}.Debug|Any CPU.ActiveCfg = Debug|Any CPU
		{ACDD27D0-5DAA-4978-A5D1-0427BD212C5B}.Debug|Any CPU.Build.0 = Debug|Any CPU
		{ACDD27D0-5DAA-4978-A5D1-0427BD212C5B}.Release|Any CPU.ActiveCfg = Release|Any CPU
		{ACDD27D0-5DAA-4978-A5D1-0427BD212C5B}.Release|Any CPU.Build.0 = Release|Any CPU
	EndGlobalSection
	GlobalSection(SolutionProperties) = preSolution
		HideSolutionNode = FALSE
	EndGlobalSection
	GlobalSection(ExtensibilityGlobals) = postSolution
		SolutionGuid = {651ADDBD-01F4-4628-ACEE-553AF01F3162}
	EndGlobalSection
EndGlobal
